{
  "version": "4",
  "specifiers": {
    "jsr:@std/fmt@^1.0.2": "1.0.3",
    "jsr:@std/fmt@^1.0.3": "1.0.3",
    "jsr:@std/fs@^1.0.4": "1.0.5",
    "jsr:@std/fs@^1.0.5": "1.0.5",
    "jsr:@std/io@0.225": "0.225.0",
    "jsr:@std/log@~0.224.9": "0.224.9",
    "jsr:@std/path@^1.0.7": "1.0.7"
  },
  "jsr": {
    "@std/fmt@1.0.3": {
      "integrity": "97765c16aa32245ff4e2204ecf7d8562496a3cb8592340a80e7e554e0bb9149f"
    },
    "@std/fs@1.0.5": {
      "integrity": "41806ad6823d0b5f275f9849a2640d87e4ef67c51ee1b8fb02426f55e02fd44e",
      "dependencies": [
        "jsr:@std/path"
      ]
    },
    "@std/io@0.225.0": {
      "integrity": "c1db7c5e5a231629b32d64b9a53139445b2ca640d828c26bf23e1c55f8c079b3"
    },
    "@std/log@0.224.9": {
      "integrity": "419d04e4d93e6b1a0205ac3f94809621cfec3d328d09fec9ec59cafa3b3fcaee",
      "dependencies": [
        "jsr:@std/fmt@^1.0.2",
        "jsr:@std/fs@^1.0.4",
        "jsr:@std/io"
      ]
    },
    "@std/path@1.0.7": {
      "integrity": "76a689e07f0e15dcc6002ec39d0866797e7156629212b28f27179b8a5c3b33a1"
    }
  },
  "workspace": {
    "dependencies": [
      "jsr:@std/fmt@^1.0.3",
      "jsr:@std/fs@^1.0.5",
      "jsr:@std/io@0.225",
      "jsr:@std/log@~0.224.9",
      "jsr:@std/path@^1.0.7"
    ]
  }
}
